github.com/caffix/queue v0.3.1 h1:eg4V7cGomH76/Xq60MdEhSVZvO6E3iOPlacMwZOjiSA=
github.com/caffix/queue v0.3.1/go.mod h1:AnCrUsy3cwDjLJvNv7FkQx/0Q9Hb7n7agRrUP0OiYl4=
github.com/caffix/stringset v0.2.0 h1:kN6xnvL8jzx2YhQNOYr6A6hFzUK+iikt1JtJ2MS2LC8=
github.com/caffix/stringset v0.2.0/go.mod h1:8PZ6GIPpMP5+r5hr790/05w3v9xI+gXRxRzJCZL57lQ=
github.com/hashicorp/errwrap v1.0.0/go.mod h1:YH+1FKiLXxHSkmPseP+kNlulaMuP3n2brvKWEqk/Jc4=
github.com/hashicorp/errwrap v1.1.0 h1:OxrOeh75EUXMY8TBjag2fzXGZ40LB6IKw45YeGUDY2I=
github.com/hashicorp/errwrap v1.1.0/go.mod h1:YH+1FKiLXxHSkmPseP+kNlulaMuP3n2brvKWEqk/Jc4=
github.com/hashicorp/go-multierror v1.1.1 h1:H5DkEtf6CXdFp0N0Em5UCwQpXMWke8IA0+lD48awMYo=
github.com/hashicorp/go-multierror v1.1.1/go.mod h1:iw975J/qwKPdAO1clOe2L8331t/9/fmwbPZ6JB6eMoM=
